
Microsoft Visual Studio Solution File, Format Version 12.00
# Visual Studio Version 17
VisualStudioVersion = 17.7.34009.444
MinimumVisualStudioVersion = 10.0.40219.1
Project("{9A19103F-16F7-4668-BE54-9A1E7A4F7556}") = "InventSolution", "InventSolution\InventSolution.csproj", "{9715A054-ACD3-4BB3-A73B-0D4C4D10175F}"
EndProject
Project("{9A19103F-16F7-4668-BE54-9A1E7A4F7556}") = "SolutionApplication", "SolutionApplication\SolutionApplication.csproj", "{DD01B96B-BBDE-4084-948D-1A2F0DE55159}"
EndProject
Project("{FAE04EC0-301F-11D3-BF4B-00C04F79EFBC}") = "SolutionCore", "SolutionCore\SolutionCore.csproj", "{C5F928FD-F61D-4063-BECD-3D6EA60C6C36}"
EndProject
Project("{2150E333-8FDC-42A3-9474-1A3956D46DE8}") = "Solution Items", "Solution Items", "{7B3E470F-21D7-470B-B632-DF0D52FE6E4C}"
	ProjectSection(SolutionItems) = preProject
		ClearDatabase.sql = ClearDatabase.sql
		InitializeDatabase.sql = InitializeDatabase.sql
	EndProjectSection
EndProject
Global
	GlobalSection(SolutionConfigurationPlatforms) = preSolution
		Debug|Any CPU = Debug|Any CPU
		Release|Any CPU = Release|Any CPU
	EndGlobalSection
	GlobalSection(ProjectConfigurationPlatforms) = postSolution
		{9715A054-ACD3-4BB3-A73B-0D4C4D10175F}.Debug|Any CPU.ActiveCfg = Debug|Any CPU
		{9715A054-ACD3-4BB3-A73B-0D4C4D10175F}.Debug|Any CPU.Build.0 = Debug|Any CPU
		{9715A054-ACD3-4BB3-A73B-0D4C4D10175F}.Release|Any CPU.ActiveCfg = Release|Any CPU
		{9715A054-ACD3-4BB3-A73B-0D4C4D10175F}.Release|Any CPU.Build.0 = Release|Any CPU
		{DD01B96B-BBDE-4084-948D-1A2F0DE55159}.Debug|Any CPU.ActiveCfg = Debug|Any CPU
		{DD01B96B-BBDE-4084-948D-1A2F0DE55159}.Debug|Any CPU.Build.0 = Debug|Any CPU
		{DD01B96B-BBDE-4084-948D-1A2F0DE55159}.Release|Any CPU.ActiveCfg = Release|Any CPU
		{DD01B96B-BBDE-4084-948D-1A2F0DE55159}.Release|Any CPU.Build.0 = Release|Any CPU
		{C5F928FD-F61D-4063-BECD-3D6EA60C6C36}.Debug|Any CPU.ActiveCfg = Debug|Any CPU
		{C5F928FD-F61D-4063-BECD-3D6EA60C6C36}.Debug|Any CPU.Build.0 = Debug|Any CPU
		{C5F928FD-F61D-4063-BECD-3D6EA60C6C36}.Release|Any CPU.ActiveCfg = Release|Any CPU
		{C5F928FD-F61D-4063-BECD-3D6EA60C6C36}.Release|Any CPU.Build.0 = Release|Any CPU
	EndGlobalSection
	GlobalSection(SolutionProperties) = preSolution
		HideSolutionNode = FALSE
	EndGlobalSection
	GlobalSection(ExtensibilityGlobals) = postSolution
		SolutionGuid = {C234A294-0BC1-4732-A1F0-FAC66900F4B9}
	EndGlobalSection
EndGlobal
